// !$*UTF8*$!
{
	archiveVersion = 1;
	classes = {
	};
	objectVersion = 77;
	objects = {

/* Begin PBXBuildFile section */
		931DED362D0E429700D22CB3 /* Localizable.xcstrings in Resources */ = {isa = PBXBuildFile; fileRef = 931DED352D0E429700D22CB3 /* Localizable.xcstrings */; };
		938BED332D1779DD00786B1E /* WidgetKit.framework in Frameworks */ = {isa = PBXBuildFile; fileRef = 938BED322D1779DD00786B1E /* WidgetKit.framework */; };
		938BED352D1779DD00786B1E /* SwiftUI.framework in Frameworks */ = {isa = PBXBuildFile; fileRef = 938BED342D1779DD00786B1E /* SwiftUI.framework */; };
		938BED422D1779DF00786B1E /* DinnerWidgetExtension.appex in Embed Foundation Extensions */ = {isa = PBXBuildFile; fileRef = 938BED302D1779DD00786B1E /* DinnerWidgetExtension.appex */; settings = {ATTRIBUTES = (RemoveHeadersOnCopy, ); }; };
		938BED532D181C6200786B1E /* Localizable.xcstrings in Resources */ = {isa = PBXBuildFile; fileRef = 931DED352D0E429700D22CB3 /* Localizable.xcstrings */; };
		93DA5D022D7CDC8700B7899D /* WatchConnectivity.framework in Frameworks */ = {isa = PBXBuildFile; fileRef = 93DA5CFB2D7CDC6A00B7899D /* WatchConnectivity.framework */; };
		93DA5D1F2D7CE3BE00B7899D /* What's for Dinner.app in Embed Watch Content */ = {isa = PBXBuildFile; fileRef = 93DA5D122D7CE3BD00B7899D /* What's for Dinner.app */; settings = {ATTRIBUTES = (RemoveHeadersOnCopy, ); }; };
		93DA5D2A2D7CE69600B7899D /* WatchConnectivity.framework in Frameworks */ = {isa = PBXBuildFile; fileRef = 93DA5CFD2D7CDC7C00B7899D /* WatchConnectivity.framework */; };
		93DA5D322D7CF07C00B7899D /* Localizable.xcstrings in Resources */ = {isa = PBXBuildFile; fileRef = 931DED352D0E429700D22CB3 /* Localizable.xcstrings */; };
/* End PBXBuildFile section */

/* Begin PBXContainerItemProxy section */
		938BED402D1779DF00786B1E /* PBXContainerItemProxy */ = {
			isa = PBXContainerItemProxy;
			containerPortal = 931DED1A2D0E200200D22CB3 /* Project object */;
			proxyType = 1;
			remoteGlobalIDString = 938BED2F2D1779DD00786B1E;
			remoteInfo = DinnerWidgetExtension;
		};
		93DA5D1D2D7CE3BE00B7899D /* PBXContainerItemProxy */ = {
			isa = PBXContainerItemProxy;
			containerPortal = 931DED1A2D0E200200D22CB3 /* Project object */;
			proxyType = 1;
			remoteGlobalIDString = 93DA5D112D7CE3BD00B7899D;
			remoteInfo = "What's for Dinner Watch Watch App";
		};
/* End PBXContainerItemProxy section */

/* Begin PBXCopyFilesBuildPhase section */
		938BED112D17782500786B1E /* Embed Foundation Extensions */ = {
			isa = PBXCopyFilesBuildPhase;
			buildActionMask = 2147483647;
			dstPath = "";
			dstSubfolderSpec = 13;
			files = (
				938BED422D1779DF00786B1E /* DinnerWidgetExtension.appex in Embed Foundation Extensions */,
			);
			name = "Embed Foundation Extensions";
			runOnlyForDeploymentPostprocessing = 0;
		};
		93B189C32D18C3670025FAE0 /* Embed Watch Content */ = {
			isa = PBXCopyFilesBuildPhase;
			buildActionMask = 2147483647;
			dstPath = "$(CONTENTS_FOLDER_PATH)/Watch";
			dstSubfolderSpec = 16;
			files = (
				93DA5D1F2D7CE3BE00B7899D /* What's for Dinner.app in Embed Watch Content */,
			);
			name = "Embed Watch Content";
			runOnlyForDeploymentPostprocessing = 0;
		};
/* End PBXCopyFilesBuildPhase section */

/* Begin PBXFileReference section */
		931DED222D0E200200D22CB3 /* What's for dinner.app */ = {isa = PBXFileReference; explicitFileType = wrapper.application; includeInIndex = 0; path = "What's for dinner.app"; sourceTree = BUILT_PRODUCTS_DIR; };
		931DED352D0E429700D22CB3 /* Localizable.xcstrings */ = {isa = PBXFileReference; lastKnownFileType = text.json.xcstrings; path = Localizable.xcstrings; sourceTree = "<group>"; };
		938BED302D1779DD00786B1E /* DinnerWidgetExtension.appex */ = {isa = PBXFileReference; explicitFileType = "wrapper.app-extension"; includeInIndex = 0; path = DinnerWidgetExtension.appex; sourceTree = BUILT_PRODUCTS_DIR; };
		938BED322D1779DD00786B1E /* WidgetKit.framework */ = {isa = PBXFileReference; lastKnownFileType = wrapper.framework; name = WidgetKit.framework; path = System/Library/Frameworks/WidgetKit.framework; sourceTree = SDKROOT; };
		938BED342D1779DD00786B1E /* SwiftUI.framework */ = {isa = PBXFileReference; lastKnownFileType = wrapper.framework; name = SwiftUI.framework; path = System/Library/Frameworks/SwiftUI.framework; sourceTree = SDKROOT; };
		938BED522D1818BE00786B1E /* DinnerWidgetExtension.entitlements */ = {isa = PBXFileReference; lastKnownFileType = text.plist.entitlements; path = DinnerWidgetExtension.entitlements; sourceTree = "<group>"; };
		93B4ADD42D18C8AE00F20E86 /* WatchKit.framework */ = {isa = PBXFileReference; lastKnownFileType = wrapper.framework; name = WatchKit.framework; path = Platforms/WatchOS.platform/Developer/SDKs/WatchOS11.2.sdk/System/Library/Frameworks/WatchKit.framework; sourceTree = DEVELOPER_DIR; };
		93DA5CFB2D7CDC6A00B7899D /* WatchConnectivity.framework */ = {isa = PBXFileReference; lastKnownFileType = wrapper.framework; name = WatchConnectivity.framework; path = System/Library/Frameworks/WatchConnectivity.framework; sourceTree = SDKROOT; };
		93DA5CFD2D7CDC7C00B7899D /* WatchConnectivity.framework */ = {isa = PBXFileReference; lastKnownFileType = wrapper.framework; name = WatchConnectivity.framework; path = Platforms/WatchOS.platform/Developer/SDKs/WatchOS11.2.sdk/System/Library/Frameworks/WatchConnectivity.framework; sourceTree = DEVELOPER_DIR; };
		93DA5D122D7CE3BD00B7899D /* What's for Dinner.app */ = {isa = PBXFileReference; explicitFileType = wrapper.application; includeInIndex = 0; path = "What's for Dinner.app"; sourceTree = BUILT_PRODUCTS_DIR; };
/* End PBXFileReference section */

/* Begin PBXFileSystemSynchronizedBuildFileExceptionSet section */
		938BED4B2D177BBC00786B1E /* Exceptions for "What's for dinner" folder in "DinnerWidgetExtension" target */ = {
			isa = PBXFileSystemSynchronizedBuildFileExceptionSet;
			membershipExceptions = (
				DataManager.swift,
				Structs.swift,
			);
			target = 938BED2F2D1779DD00786B1E /* DinnerWidgetExtension */;
		};
		93A9FA1C2D5011850094CF28 /* Exceptions for "What's for dinner" folder in "What's for dinner" target */ = {
			isa = PBXFileSystemSynchronizedBuildFileExceptionSet;
			membershipExceptions = (
				InfoApp.plist,
			);
			target = 931DED212D0E200200D22CB3 /* What's for dinner */;
		};
		93D75F262D1F61C300949FBF /* Exceptions for "DinnerWidget" folder in "DinnerWidgetExtension" target */ = {
			isa = PBXFileSystemSynchronizedBuildFileExceptionSet;
			membershipExceptions = (
				InfoWidget.plist,
			);
			target = 938BED2F2D1779DD00786B1E /* DinnerWidgetExtension */;
		};
		93DA5D2C2D7CE8BE00B7899D /* Exceptions for "What's for dinner" folder in "Watch App" target */ = {
			isa = PBXFileSystemSynchronizedBuildFileExceptionSet;
			membershipExceptions = (
				DataManager.swift,
				Structs.swift,
			);
			target = 93DA5D112D7CE3BD00B7899D /* Watch App */;
		};
/* End PBXFileSystemSynchronizedBuildFileExceptionSet section */

/* Begin PBXFileSystemSynchronizedRootGroup section */
		931DED242D0E200200D22CB3 /* What's for dinner */ = {
			isa = PBXFileSystemSynchronizedRootGroup;
			exceptions = (
				93A9FA1C2D5011850094CF28 /* Exceptions for "What's for dinner" folder in "What's for dinner" target */,
				938BED4B2D177BBC00786B1E /* Exceptions for "What's for dinner" folder in "DinnerWidgetExtension" target */,
				93DA5D2C2D7CE8BE00B7899D /* Exceptions for "What's for dinner" folder in "Watch App" target */,
			);
			path = "What's for dinner";
			sourceTree = "<group>";
		};
		938BED362D1779DD00786B1E /* DinnerWidget */ = {
			isa = PBXFileSystemSynchronizedRootGroup;
			exceptions = (
				93D75F262D1F61C300949FBF /* Exceptions for "DinnerWidget" folder in "DinnerWidgetExtension" target */,
			);
			path = DinnerWidget;
			sourceTree = "<group>";
		};
		93DA5D132D7CE3BD00B7899D /* Watch App */ = {
			isa = PBXFileSystemSynchronizedRootGroup;
			path = "Watch App";
			sourceTree = "<group>";
		};
/* End PBXFileSystemSynchronizedRootGroup section */

/* Begin PBXFrameworksBuildPhase section */
		931DED1F2D0E200200D22CB3 /* Frameworks */ = {
			isa = PBXFrameworksBuildPhase;
			buildActionMask = 2147483647;
			files = (
				93DA5D022D7CDC8700B7899D /* WatchConnectivity.framework in Frameworks */,
			);
			runOnlyForDeploymentPostprocessing = 0;
		};
		938BED2D2D1779DD00786B1E /* Frameworks */ = {
			isa = PBXFrameworksBuildPhase;
			buildActionMask = 2147483647;
			files = (
				938BED352D1779DD00786B1E /* SwiftUI.framework in Frameworks */,
				938BED332D1779DD00786B1E /* WidgetKit.framework in Frameworks */,
			);
			runOnlyForDeploymentPostprocessing = 0;
		};
		93DA5D0F2D7CE3BD00B7899D /* Frameworks */ = {
			isa = PBXFrameworksBuildPhase;
			buildActionMask = 2147483647;
			files = (
				93DA5D2A2D7CE69600B7899D /* WatchConnectivity.framework in Frameworks */,
			);
			runOnlyForDeploymentPostprocessing = 0;
		};
/* End PBXFrameworksBuildPhase section */

/* Begin PBXGroup section */
		931DED192D0E200200D22CB3 = {
			isa = PBXGroup;
			children = (
				931DED352D0E429700D22CB3 /* Localizable.xcstrings */,
				931DED242D0E200200D22CB3 /* What's for dinner */,
				938BED362D1779DD00786B1E /* DinnerWidget */,
				93DA5D132D7CE3BD00B7899D /* Watch App */,
				938BED312D1779DD00786B1E /* Frameworks */,
				931DED232D0E200200D22CB3 /* Products */,
				938BED522D1818BE00786B1E /* DinnerWidgetExtension.entitlements */,
			);
			sourceTree = "<group>";
		};
		931DED232D0E200200D22CB3 /* Products */ = {
			isa = PBXGroup;
			children = (
				931DED222D0E200200D22CB3 /* What's for dinner.app */,
				938BED302D1779DD00786B1E /* DinnerWidgetExtension.appex */,
				93DA5D122D7CE3BD00B7899D /* What's for Dinner.app */,
			);
			name = Products;
			sourceTree = "<group>";
		};
		938BED312D1779DD00786B1E /* Frameworks */ = {
			isa = PBXGroup;
			children = (
				93DA5CFB2D7CDC6A00B7899D /* WatchConnectivity.framework */,
				93DA5CFD2D7CDC7C00B7899D /* WatchConnectivity.framework */,
				93B4ADD42D18C8AE00F20E86 /* WatchKit.framework */,
				938BED322D1779DD00786B1E /* WidgetKit.framework */,
				938BED342D1779DD00786B1E /* SwiftUI.framework */,
			);
			name = Frameworks;
			sourceTree = "<group>";
		};
/* End PBXGroup section */

/* Begin PBXNativeTarget section */
		931DED212D0E200200D22CB3 /* What's for dinner */ = {
			isa = PBXNativeTarget;
			buildConfigurationList = 931DED302D0E200300D22CB3 /* Build configuration list for PBXNativeTarget "What's for dinner" */;
			buildPhases = (
				931DED1E2D0E200200D22CB3 /* Sources */,
				931DED1F2D0E200200D22CB3 /* Frameworks */,
				931DED202D0E200200D22CB3 /* Resources */,
				938BED112D17782500786B1E /* Embed Foundation Extensions */,
				93B189C32D18C3670025FAE0 /* Embed Watch Content */,
			);
			buildRules = (
			);
			dependencies = (
				938BED412D1779DF00786B1E /* PBXTargetDependency */,
				93DA5D1E2D7CE3BE00B7899D /* PBXTargetDependency */,
			);
			fileSystemSynchronizedGroups = (
				931DED242D0E200200D22CB3 /* What's for dinner */,
			);
			name = "What's for dinner";
			packageProductDependencies = (
			);
			productName = "What's for dinner";
			productReference = 931DED222D0E200200D22CB3 /* What's for dinner.app */;
			productType = "com.apple.product-type.application";
		};
		938BED2F2D1779DD00786B1E /* DinnerWidgetExtension */ = {
			isa = PBXNativeTarget;
			buildConfigurationList = 938BED442D1779DF00786B1E /* Build configuration list for PBXNativeTarget "DinnerWidgetExtension" */;
			buildPhases = (
				938BED2C2D1779DD00786B1E /* Sources */,
				938BED2D2D1779DD00786B1E /* Frameworks */,
				938BED2E2D1779DD00786B1E /* Resources */,
			);
			buildRules = (
			);
			dependencies = (
			);
			fileSystemSynchronizedGroups = (
				938BED362D1779DD00786B1E /* DinnerWidget */,
			);
			name = DinnerWidgetExtension;
			packageProductDependencies = (
			);
			productName = DinnerWidgetExtension;
			productReference = 938BED302D1779DD00786B1E /* DinnerWidgetExtension.appex */;
			productType = "com.apple.product-type.app-extension";
		};
		93DA5D112D7CE3BD00B7899D /* Watch App */ = {
			isa = PBXNativeTarget;
			buildConfigurationList = 93DA5D202D7CE3BE00B7899D /* Build configuration list for PBXNativeTarget "Watch App" */;
			buildPhases = (
				93DA5D0E2D7CE3BD00B7899D /* Sources */,
				93DA5D0F2D7CE3BD00B7899D /* Frameworks */,
				93DA5D102D7CE3BD00B7899D /* Resources */,
			);
			buildRules = (
			);
			dependencies = (
			);
			fileSystemSynchronizedGroups = (
				93DA5D132D7CE3BD00B7899D /* Watch App */,
			);
			name = "Watch App";
			packageProductDependencies = (
			);
			productName = "What's for Dinner Watch Watch App";
			productReference = 93DA5D122D7CE3BD00B7899D /* What's for Dinner.app */;
			productType = "com.apple.product-type.application";
		};
/* End PBXNativeTarget section */

/* Begin PBXProject section */
		931DED1A2D0E200200D22CB3 /* Project object */ = {
			isa = PBXProject;
			attributes = {
				BuildIndependentTargetsInParallel = 1;
				LastSwiftUpdateCheck = 1620;
				LastUpgradeCheck = 1620;
				TargetAttributes = {
					931DED212D0E200200D22CB3 = {
						CreatedOnToolsVersion = 16.2;
					};
					938BED2F2D1779DD00786B1E = {
						CreatedOnToolsVersion = 16.2;
					};
					93DA5D112D7CE3BD00B7899D = {
						CreatedOnToolsVersion = 16.2;
					};
				};
			};
			buildConfigurationList = 931DED1D2D0E200200D22CB3 /* Build configuration list for PBXProject "What's for dinner" */;
			developmentRegion = en;
			hasScannedForEncodings = 0;
			knownRegions = (
				en,
				Base,
				nl,
			);
			mainGroup = 931DED192D0E200200D22CB3;
			minimizedProjectReferenceProxies = 1;
			preferredProjectObjectVersion = 77;
			productRefGroup = 931DED232D0E200200D22CB3 /* Products */;
			projectDirPath = "";
			projectRoot = "";
			targets = (
				931DED212D0E200200D22CB3 /* What's for dinner */,
				938BED2F2D1779DD00786B1E /* DinnerWidgetExtension */,
				93DA5D112D7CE3BD00B7899D /* Watch App */,
			);
		};
/* End PBXProject section */

/* Begin PBXResourcesBuildPhase section */
		931DED202D0E200200D22CB3 /* Resources */ = {
			isa = PBXResourcesBuildPhase;
			buildActionMask = 2147483647;
			files = (
				931DED362D0E429700D22CB3 /* Localizable.xcstrings in Resources */,
			);
			runOnlyForDeploymentPostprocessing = 0;
		};
		938BED2E2D1779DD00786B1E /* Resources */ = {
			isa = PBXResourcesBuildPhase;
			buildActionMask = 2147483647;
			files = (
				938BED532D181C6200786B1E /* Localizable.xcstrings in Resources */,
			);
			runOnlyForDeploymentPostprocessing = 0;
		};
		93DA5D102D7CE3BD00B7899D /* Resources */ = {
			isa = PBXResourcesBuildPhase;
			buildActionMask = 2147483647;
			files = (
				93DA5D322D7CF07C00B7899D /* Localizable.xcstrings in Resources */,
			);
			runOnlyForDeploymentPostprocessing = 0;
		};
/* End PBXResourcesBuildPhase section */

/* Begin PBXSourcesBuildPhase section */
		931DED1E2D0E200200D22CB3 /* Sources */ = {
			isa = PBXSourcesBuildPhase;
			buildActionMask = 2147483647;
			files = (
			);
			runOnlyForDeploymentPostprocessing = 0;
		};
		938BED2C2D1779DD00786B1E /* Sources */ = {
			isa = PBXSourcesBuildPhase;
			buildActionMask = 2147483647;
			files = (
			);
			runOnlyForDeploymentPostprocessing = 0;
		};
		93DA5D0E2D7CE3BD00B7899D /* Sources */ = {
			isa = PBXSourcesBuildPhase;
			buildActionMask = 2147483647;
			files = (
			);
			runOnlyForDeploymentPostprocessing = 0;
		};
/* End PBXSourcesBuildPhase section */

/* Begin PBXTargetDependency section */
		938BED412D1779DF00786B1E /* PBXTargetDependency */ = {
			isa = PBXTargetDependency;
			target = 938BED2F2D1779DD00786B1E /* DinnerWidgetExtension */;
			targetProxy = 938BED402D1779DF00786B1E /* PBXContainerItemProxy */;
		};
		93DA5D1E2D7CE3BE00B7899D /* PBXTargetDependency */ = {
			isa = PBXTargetDependency;
			target = 93DA5D112D7CE3BD00B7899D /* Watch App */;
			targetProxy = 93DA5D1D2D7CE3BE00B7899D /* PBXContainerItemProxy */;
		};
/* End PBXTargetDependency section */

/* Begin XCBuildConfiguration section */
		931DED2E2D0E200300D22CB3 /* Debug */ = {
			isa = XCBuildConfiguration;
			buildSettings = {
				ALWAYS_SEARCH_USER_PATHS = NO;
				ASSETCATALOG_COMPILER_GENERATE_SWIFT_ASSET_SYMBOL_EXTENSIONS = YES;
				CLANG_ANALYZER_NONNULL = YES;
				CLANG_ANALYZER_NUMBER_OBJECT_CONVERSION = YES_AGGRESSIVE;
				CLANG_CXX_LANGUAGE_STANDARD = "gnu++20";
				CLANG_ENABLE_MODULES = YES;
				CLANG_ENABLE_OBJC_ARC = YES;
				CLANG_ENABLE_OBJC_WEAK = YES;
				CLANG_WARN_BLOCK_CAPTURE_AUTORELEASING = YES;
				CLANG_WARN_BOOL_CONVERSION = YES;
				CLANG_WARN_COMMA = YES;
				CLANG_WARN_CONSTANT_CONVERSION = YES;
				CLANG_WARN_DEPRECATED_OBJC_IMPLEMENTATIONS = YES;
				CLANG_WARN_DIRECT_OBJC_ISA_USAGE = YES_ERROR;
				CLANG_WARN_DOCUMENTATION_COMMENTS = YES;
				CLANG_WARN_EMPTY_BODY = YES;
				CLANG_WARN_ENUM_CONVERSION = YES;
				CLANG_WARN_INFINITE_RECURSION = YES;
				CLANG_WARN_INT_CONVERSION = YES;
				CLANG_WARN_NON_LITERAL_NULL_CONVERSION = YES;
				CLANG_WARN_OBJC_IMPLICIT_RETAIN_SELF = YES;
				CLANG_WARN_OBJC_LITERAL_CONVERSION = YES;
				CLANG_WARN_OBJC_ROOT_CLASS = YES_ERROR;
				CLANG_WARN_QUOTED_INCLUDE_IN_FRAMEWORK_HEADER = YES;
				CLANG_WARN_RANGE_LOOP_ANALYSIS = YES;
				CLANG_WARN_STRICT_PROTOTYPES = YES;
				CLANG_WARN_SUSPICIOUS_MOVE = YES;
				CLANG_WARN_UNGUARDED_AVAILABILITY = YES_AGGRESSIVE;
				CLANG_WARN_UNREACHABLE_CODE = YES;
				CLANG_WARN__DUPLICATE_METHOD_MATCH = YES;
				COPY_PHASE_STRIP = NO;
				DEBUG_INFORMATION_FORMAT = dwarf;
				ENABLE_STRICT_OBJC_MSGSEND = YES;
				ENABLE_TESTABILITY = YES;
				ENABLE_USER_SCRIPT_SANDBOXING = YES;
				GCC_C_LANGUAGE_STANDARD = gnu17;
				GCC_DYNAMIC_NO_PIC = NO;
				GCC_NO_COMMON_BLOCKS = YES;
				GCC_OPTIMIZATION_LEVEL = 0;
				GCC_PREPROCESSOR_DEFINITIONS = (
					"DEBUG=1",
					"$(inherited)",
				);
				GCC_WARN_64_TO_32_BIT_CONVERSION = YES;
				GCC_WARN_ABOUT_RETURN_TYPE = YES_ERROR;
				GCC_WARN_UNDECLARED_SELECTOR = YES;
				GCC_WARN_UNINITIALIZED_AUTOS = YES_AGGRESSIVE;
				GCC_WARN_UNUSED_FUNCTION = YES;
				GCC_WARN_UNUSED_VARIABLE = YES;
				IPHONEOS_DEPLOYMENT_TARGET = 17.6;
				LOCALIZATION_PREFERS_STRING_CATALOGS = YES;
				MTL_ENABLE_DEBUG_INFO = INCLUDE_SOURCE;
				MTL_FAST_MATH = YES;
				ONLY_ACTIVE_ARCH = YES;
				SDKROOT = iphoneos;
				SWIFT_ACTIVE_COMPILATION_CONDITIONS = "DEBUG $(inherited)";
				SWIFT_EMIT_LOC_STRINGS = YES;
				SWIFT_OPTIMIZATION_LEVEL = "-Onone";
			};
			name = Debug;
		};
		931DED2F2D0E200300D22CB3 /* Release */ = {
			isa = XCBuildConfiguration;
			buildSettings = {
				ALWAYS_SEARCH_USER_PATHS = NO;
				ASSETCATALOG_COMPILER_GENERATE_SWIFT_ASSET_SYMBOL_EXTENSIONS = YES;
				CLANG_ANALYZER_NONNULL = YES;
				CLANG_ANALYZER_NUMBER_OBJECT_CONVERSION = YES_AGGRESSIVE;
				CLANG_CXX_LANGUAGE_STANDARD = "gnu++20";
				CLANG_ENABLE_MODULES = YES;
				CLANG_ENABLE_OBJC_ARC = YES;
				CLANG_ENABLE_OBJC_WEAK = YES;
				CLANG_WARN_BLOCK_CAPTURE_AUTORELEASING = YES;
				CLANG_WARN_BOOL_CONVERSION = YES;
				CLANG_WARN_COMMA = YES;
				CLANG_WARN_CONSTANT_CONVERSION = YES;
				CLANG_WARN_DEPRECATED_OBJC_IMPLEMENTATIONS = YES;
				CLANG_WARN_DIRECT_OBJC_ISA_USAGE = YES_ERROR;
				CLANG_WARN_DOCUMENTATION_COMMENTS = YES;
				CLANG_WARN_EMPTY_BODY = YES;
				CLANG_WARN_ENUM_CONVERSION = YES;
				CLANG_WARN_INFINITE_RECURSION = YES;
				CLANG_WARN_INT_CONVERSION = YES;
				CLANG_WARN_NON_LITERAL_NULL_CONVERSION = YES;
				CLANG_WARN_OBJC_IMPLICIT_RETAIN_SELF = YES;
				CLANG_WARN_OBJC_LITERAL_CONVERSION = YES;
				CLANG_WARN_OBJC_ROOT_CLASS = YES_ERROR;
				CLANG_WARN_QUOTED_INCLUDE_IN_FRAMEWORK_HEADER = YES;
				CLANG_WARN_RANGE_LOOP_ANALYSIS = YES;
				CLANG_WARN_STRICT_PROTOTYPES = YES;
				CLANG_WARN_SUSPICIOUS_MOVE = YES;
				CLANG_WARN_UNGUARDED_AVAILABILITY = YES_AGGRESSIVE;
				CLANG_WARN_UNREACHABLE_CODE = YES;
				CLANG_WARN__DUPLICATE_METHOD_MATCH = YES;
				COPY_PHASE_STRIP = NO;
				DEBUG_INFORMATION_FORMAT = "dwarf-with-dsym";
				ENABLE_NS_ASSERTIONS = NO;
				ENABLE_STRICT_OBJC_MSGSEND = YES;
				ENABLE_USER_SCRIPT_SANDBOXING = YES;
				GCC_C_LANGUAGE_STANDARD = gnu17;
				GCC_NO_COMMON_BLOCKS = YES;
				GCC_WARN_64_TO_32_BIT_CONVERSION = YES;
				GCC_WARN_ABOUT_RETURN_TYPE = YES_ERROR;
				GCC_WARN_UNDECLARED_SELECTOR = YES;
				GCC_WARN_UNINITIALIZED_AUTOS = YES_AGGRESSIVE;
				GCC_WARN_UNUSED_FUNCTION = YES;
				GCC_WARN_UNUSED_VARIABLE = YES;
				IPHONEOS_DEPLOYMENT_TARGET = 17.6;
				LOCALIZATION_PREFERS_STRING_CATALOGS = YES;
				MTL_ENABLE_DEBUG_INFO = NO;
				MTL_FAST_MATH = YES;
				SDKROOT = iphoneos;
				SWIFT_COMPILATION_MODE = wholemodule;
				SWIFT_EMIT_LOC_STRINGS = YES;
				VALIDATE_PRODUCT = YES;
			};
			name = Release;
		};
		931DED312D0E200300D22CB3 /* Debug */ = {
			isa = XCBuildConfiguration;
			buildSettings = {
				ASSETCATALOG_COMPILER_APPICON_NAME = AppIcon;
				ASSETCATALOG_COMPILER_GLOBAL_ACCENT_COLOR_NAME = AccentColor;
				CODE_SIGN_ENTITLEMENTS = "What's for dinner/What's for dinner.entitlements";
				CODE_SIGN_STYLE = Automatic;
				CURRENT_PROJECT_VERSION = 1;
				DEVELOPMENT_ASSET_PATHS = "\"What's for dinner/Preview Content\"";
				DEVELOPMENT_TEAM = G6QPW9QY9Q;
				ENABLE_PREVIEWS = YES;
				GENERATE_INFOPLIST_FILE = YES;
				INFOPLIST_FILE = "What's for dinner/InfoApp.plist";
				INFOPLIST_KEY_CFBundleDisplayName = "What's for Dinner";
				INFOPLIST_KEY_LSApplicationCategoryType = "public.app-category.food-and-drink";
				INFOPLIST_KEY_LSSupportsOpeningDocumentsInPlace = YES;
				INFOPLIST_KEY_UIApplicationSceneManifest_Generation = YES;
				INFOPLIST_KEY_UIApplicationSupportsIndirectInputEvents = YES;
				INFOPLIST_KEY_UILaunchScreen_Generation = YES;
				INFOPLIST_KEY_UISupportedInterfaceOrientations_iPad = "UIInterfaceOrientationPortrait UIInterfaceOrientationPortraitUpsideDown UIInterfaceOrientationLandscapeLeft UIInterfaceOrientationLandscapeRight";
				INFOPLIST_KEY_UISupportedInterfaceOrientations_iPhone = "UIInterfaceOrientationPortrait UIInterfaceOrientationLandscapeLeft UIInterfaceOrientationLandscapeRight";
				IPHONEOS_DEPLOYMENT_TARGET = 17.1;
				LD_RUNPATH_SEARCH_PATHS = (
					"$(inherited)",
					"@executable_path/Frameworks",
				);
				MARKETING_VERSION = 1.0;
				PRODUCT_BUNDLE_IDENTIFIER = nl.whatsfordinner.app;
				PRODUCT_NAME = "$(TARGET_NAME)";
				SWIFT_EMIT_LOC_STRINGS = YES;
				SWIFT_VERSION = 5.0;
				TARGETED_DEVICE_FAMILY = "1,2";
			};
			name = Debug;
		};
		931DED322D0E200300D22CB3 /* Release */ = {
			isa = XCBuildConfiguration;
			buildSettings = {
				ASSETCATALOG_COMPILER_APPICON_NAME = AppIcon;
				ASSETCATALOG_COMPILER_GLOBAL_ACCENT_COLOR_NAME = AccentColor;
				CODE_SIGN_ENTITLEMENTS = "What's for dinner/What's for dinner.entitlements";
				CODE_SIGN_STYLE = Automatic;
				CURRENT_PROJECT_VERSION = 1;
				DEVELOPMENT_ASSET_PATHS = "\"What's for dinner/Preview Content\"";
				DEVELOPMENT_TEAM = G6QPW9QY9Q;
				ENABLE_PREVIEWS = YES;
				GENERATE_INFOPLIST_FILE = YES;
				INFOPLIST_FILE = "What's for dinner/InfoApp.plist";
				INFOPLIST_KEY_CFBundleDisplayName = "What's for Dinner";
				INFOPLIST_KEY_LSApplicationCategoryType = "public.app-category.food-and-drink";
				INFOPLIST_KEY_LSSupportsOpeningDocumentsInPlace = YES;
				INFOPLIST_KEY_UIApplicationSceneManifest_Generation = YES;
				INFOPLIST_KEY_UIApplicationSupportsIndirectInputEvents = YES;
				INFOPLIST_KEY_UILaunchScreen_Generation = YES;
				INFOPLIST_KEY_UISupportedInterfaceOrientations_iPad = "UIInterfaceOrientationPortrait UIInterfaceOrientationPortraitUpsideDown UIInterfaceOrientationLandscapeLeft UIInterfaceOrientationLandscapeRight";
				INFOPLIST_KEY_UISupportedInterfaceOrientations_iPhone = "UIInterfaceOrientationPortrait UIInterfaceOrientationLandscapeLeft UIInterfaceOrientationLandscapeRight";
				IPHONEOS_DEPLOYMENT_TARGET = 17.1;
				LD_RUNPATH_SEARCH_PATHS = (
					"$(inherited)",
					"@executable_path/Frameworks",
				);
				MARKETING_VERSION = 1.0;
				PRODUCT_BUNDLE_IDENTIFIER = nl.whatsfordinner.app;
				PRODUCT_NAME = "$(TARGET_NAME)";
				SWIFT_EMIT_LOC_STRINGS = YES;
				SWIFT_VERSION = 5.0;
				TARGETED_DEVICE_FAMILY = "1,2";
			};
			name = Release;
		};
		938BED452D1779DF00786B1E /* Debug */ = {
			isa = XCBuildConfiguration;
			buildSettings = {
				ASSETCATALOG_COMPILER_GLOBAL_ACCENT_COLOR_NAME = AccentColor;
				ASSETCATALOG_COMPILER_WIDGET_BACKGROUND_COLOR_NAME = WidgetBackground;
				CODE_SIGN_ENTITLEMENTS = DinnerWidgetExtension.entitlements;
				CODE_SIGN_STYLE = Automatic;
				CURRENT_PROJECT_VERSION = 1;
				DEVELOPMENT_TEAM = G6QPW9QY9Q;
				GENERATE_INFOPLIST_FILE = YES;
				INFOPLIST_EXPAND_BUILD_SETTINGS = YES;
				INFOPLIST_FILE = DinnerWidget/InfoWidget.plist;
				INFOPLIST_KEY_CFBundleDisplayName = "What's For Dinner Widget";
				IPHONEOS_DEPLOYMENT_TARGET = 17.1;
				LD_RUNPATH_SEARCH_PATHS = (
					"$(inherited)",
					"@executable_path/Frameworks",
					"@executable_path/../../Frameworks",
				);
				MARKETING_VERSION = 1.0;
				PRODUCT_BUNDLE_IDENTIFIER = nl.whatsfordinner.app.widget;
				PRODUCT_NAME = "$(TARGET_NAME)";
				SKIP_INSTALL = YES;
				SWIFT_EMIT_LOC_STRINGS = YES;
				SWIFT_VERSION = 5.0;
				TARGETED_DEVICE_FAMILY = "1,2";
			};
			name = Debug;
		};
		938BED462D1779DF00786B1E /* Release */ = {
			isa = XCBuildConfiguration;
			buildSettings = {
				ASSETCATALOG_COMPILER_GLOBAL_ACCENT_COLOR_NAME = AccentColor;
				ASSETCATALOG_COMPILER_WIDGET_BACKGROUND_COLOR_NAME = WidgetBackground;
				CODE_SIGN_ENTITLEMENTS = DinnerWidgetExtension.entitlements;
				CODE_SIGN_STYLE = Automatic;
				CURRENT_PROJECT_VERSION = 1;
				DEVELOPMENT_TEAM = G6QPW9QY9Q;
				GENERATE_INFOPLIST_FILE = YES;
				INFOPLIST_EXPAND_BUILD_SETTINGS = YES;
				INFOPLIST_FILE = DinnerWidget/InfoWidget.plist;
				INFOPLIST_KEY_CFBundleDisplayName = "What's For Dinner Widget";
				IPHONEOS_DEPLOYMENT_TARGET = 17.1;
				LD_RUNPATH_SEARCH_PATHS = (
					"$(inherited)",
					"@executable_path/Frameworks",
					"@executable_path/../../Frameworks",
				);
				MARKETING_VERSION = 1.0;
				PRODUCT_BUNDLE_IDENTIFIER = nl.whatsfordinner.app.widget;
				PRODUCT_NAME = "$(TARGET_NAME)";
				SKIP_INSTALL = YES;
				SWIFT_EMIT_LOC_STRINGS = YES;
				SWIFT_VERSION = 5.0;
				TARGETED_DEVICE_FAMILY = "1,2";
			};
			name = Release;
		};
		93DA5D212D7CE3BE00B7899D /* Debug */ = {
			isa = XCBuildConfiguration;
			buildSettings = {
				ASSETCATALOG_COMPILER_APPICON_NAME = AppIcon;
				ASSETCATALOG_COMPILER_GLOBAL_ACCENT_COLOR_NAME = AccentColor;
				CODE_SIGN_STYLE = Automatic;
				CURRENT_PROJECT_VERSION = 1;
				DEVELOPMENT_ASSET_PATHS = "\"Watch App/Preview Content\"";
				DEVELOPMENT_TEAM = G6QPW9QY9Q;
				ENABLE_PREVIEWS = YES;
				GENERATE_INFOPLIST_FILE = YES;
				INFOPLIST_KEY_CFBundleDisplayName = "What's for Dinner Watch";
				INFOPLIST_KEY_UISupportedInterfaceOrientations = "UIInterfaceOrientationPortrait UIInterfaceOrientationPortraitUpsideDown";
				INFOPLIST_KEY_WKCompanionAppBundleIdentifier = nl.whatsfordinner.app;
				LD_RUNPATH_SEARCH_PATHS = (
					"$(inherited)",
					"@executable_path/Frameworks",
				);
				MARKETING_VERSION = 1.0;
				PRODUCT_BUNDLE_IDENTIFIER = nl.whatsfordinner.app.watchkitapp;
				PRODUCT_NAME = "What's for Dinner";
				SDKROOT = watchos;
				SKIP_INSTALL = YES;
				SWIFT_EMIT_LOC_STRINGS = YES;
				SWIFT_VERSION = 5.0;
				TARGETED_DEVICE_FAMILY = 4;
				WATCHOS_DEPLOYMENT_TARGET = 11.2;
			};
			name = Debug;
		};
		93DA5D222D7CE3BE00B7899D /* Release */ = {
			isa = XCBuildConfiguration;
			buildSettings = {
				ASSETCATALOG_COMPILER_APPICON_NAME = AppIcon;
				ASSETCATALOG_COMPILER_GLOBAL_ACCENT_COLOR_NAME = AccentColor;
				CODE_SIGN_STYLE = Automatic;
				CURRENT_PROJECT_VERSION = 1;
				DEVELOPMENT_ASSET_PATHS = "\"Watch App/Preview Content\"";
				DEVELOPMENT_TEAM = G6QPW9QY9Q;
				ENABLE_PREVIEWS = YES;
				GENERATE_INFOPLIST_FILE = YES;
				INFOPLIST_KEY_CFBundleDisplayName = "What's for Dinner Watch";
				INFOPLIST_KEY_UISupportedInterfaceOrientations = "UIInterfaceOrientationPortrait UIInterfaceOrientationPortraitUpsideDown";
				INFOPLIST_KEY_WKCompanionAppBundleIdentifier = nl.whatsfordinner.app;
				LD_RUNPATH_SEARCH_PATHS = (
					"$(inherited)",
					"@executable_path/Frameworks",
				);
				MARKETING_VERSION = 1.0;
				PRODUCT_BUNDLE_IDENTIFIER = nl.whatsfordinner.app.watchkitapp;
				PRODUCT_NAME = "What's for Dinner";
				SDKROOT = watchos;
				SKIP_INSTALL = YES;
				SWIFT_EMIT_LOC_STRINGS = YES;
				SWIFT_VERSION = 5.0;
				TARGETED_DEVICE_FAMILY = 4;
				WATCHOS_DEPLOYMENT_TARGET = 11.2;
			};
			name = Release;
		};
/* End XCBuildConfiguration section */

/* Begin XCConfigurationList section */
		931DED1D2D0E200200D22CB3 /* Build configuration list for PBXProject "What's for dinner" */ = {
			isa = XCConfigurationList;
			buildConfigurations = (
				931DED2E2D0E200300D22CB3 /* Debug */,
				931DED2F2D0E200300D22CB3 /* Release */,
			);
			defaultConfigurationIsVisible = 0;
			defaultConfigurationName = Release;
		};
		931DED302D0E200300D22CB3 /* Build configuration list for PBXNativeTarget "What's for dinner" */ = {
			isa = XCConfigurationList;
			buildConfigurations = (
				931DED312D0E200300D22CB3 /* Debug */,
				931DED322D0E200300D22CB3 /* Release */,
			);
			defaultConfigurationIsVisible = 0;
			defaultConfigurationName = Release;
		};
		938BED442D1779DF00786B1E /* Build configuration list for PBXNativeTarget "DinnerWidgetExtension" */ = {
			isa = XCConfigurationList;
			buildConfigurations = (
				938BED452D1779DF00786B1E /* Debug */,
				938BED462D1779DF00786B1E /* Release */,
			);
			defaultConfigurationIsVisible = 0;
			defaultConfigurationName = Release;
		};
		93DA5D202D7CE3BE00B7899D /* Build configuration list for PBXNativeTarget "Watch App" */ = {
			isa = XCConfigurationList;
			buildConfigurations = (
				93DA5D212D7CE3BE00B7899D /* Debug */,
				93DA5D222D7CE3BE00B7899D /* Release */,
			);
			defaultConfigurationIsVisible = 0;
			defaultConfigurationName = Release;
		};
/* End XCConfigurationList section */
	};
	rootObject = 931DED1A2D0E200200D22CB3 /* Project object */;
}
